
Microsoft Visual Studio Solution File, Format Version 12.00
# Visual Studio 14
VisualStudioVersion = 14.0.25420.1
MinimumVisualStudioVersion = 10.0.40219.1
Project("{2150E333-8FDC-42A3-9474-1A3956D46DE8}") = "src", "src", "{16C30D26-A81D-41F7-A4C2-DF8DAED6DFAD}"
EndProject
Project("{2150E333-8FDC-42A3-9474-1A3956D46DE8}") = "Solution Items", "Solution Items", "{BCB6EFF2-4717-47DF-89AB-523D6278D61E}"
	ProjectSection(SolutionItems) = preProject
		global.json = global.json
	EndProjectSection
EndProject
Project("{8BB2217D-0F2D-49D1-97BC-3654ED321F3B}") = "InvSys.Shared.State", "src\InvSys.Shared.State\InvSys.Shared.State.xproj", "{C5A41CCF-6887-4786-AA86-6D832387349F}"
EndProject
Global
	GlobalSection(SolutionConfigurationPlatforms) = preSolution
		Debug|Any CPU = Debug|Any CPU
		Release|Any CPU = Release|Any CPU
	EndGlobalSection
	GlobalSection(ProjectConfigurationPlatforms) = postSolution
		{C5A41CCF-6887-4786-AA86-6D832387349F}.Debug|Any CPU.ActiveCfg = Debug|Any CPU
		{C5A41CCF-6887-4786-AA86-6D832387349F}.Debug|Any CPU.Build.0 = Debug|Any CPU
		{C5A41CCF-6887-4786-AA86-6D832387349F}.Release|Any CPU.ActiveCfg = Release|Any CPU
		{C5A41CCF-6887-4786-AA86-6D832387349F}.Release|Any CPU.Build.0 = Release|Any CPU
	EndGlobalSection
	GlobalSection(SolutionProperties) = preSolution
		HideSolutionNode = FALSE
	EndGlobalSection
	GlobalSection(NestedProjects) = preSolution
		{C5A41CCF-6887-4786-AA86-6D832387349F} = {16C30D26-A81D-41F7-A4C2-DF8DAED6DFAD}
	EndGlobalSection
EndGlobal
