
Microsoft Visual Studio Solution File, Format Version 12.00
# Visual Studio 14
VisualStudioVersion = 14.0.25420.1
MinimumVisualStudioVersion = 10.0.40219.1
Project("{8BB2217D-0F2D-49D1-97BC-3654ED321F3B}") = "InvSys.Gateway.Api", "src\InvSys.Gateway.Api\InvSys.Gateway.Api.xproj", "{DBB24D33-A373-4F65-A2F7-FCC0078BBAEB}"
EndProject
Project("{2150E333-8FDC-42A3-9474-1A3956D46DE8}") = "Shared", "Shared", "{2D5F7C8F-B8E4-4850-8508-368D4BD31CAE}"
EndProject
Project("{2150E333-8FDC-42A3-9474-1A3956D46DE8}") = "Tests", "Tests", "{E16A2FE8-F805-4B6A-89A3-9503E7E9DBD7}"
EndProject
Project("{8BB2217D-0F2D-49D1-97BC-3654ED321F3B}") = "InvSys.Gateway.Tests.Integration", "src\Tests\InvSys.Gateway.Tests.Integration\InvSys.Gateway.Tests.Integration.xproj", "{FCF8DF79-06A3-4989-8843-35B50662865A}"
EndProject
Project("{8BB2217D-0F2D-49D1-97BC-3654ED321F3B}") = "InvSys.Gateway.Tests.Unit", "src\Tests\InvSys.Gateway.Tests.Unit\InvSys.Gateway.Tests.Unit.xproj", "{7EC515D9-7F52-478F-A338-413055192BB4}"
EndProject
Project("{8BB2217D-0F2D-49D1-97BC-3654ED321F3B}") = "InvSys.Shared.Api", "..\Shared\src\InvSys.Shared.Api\InvSys.Shared.Api.xproj", "{6164DF67-4B0F-42ED-BCA7-12B407FF954C}"
EndProject
Project("{8BB2217D-0F2D-49D1-97BC-3654ED321F3B}") = "InvSys.Shared.Tests", "..\Shared\src\InvSys.Shared.Tests\InvSys.Shared.Tests.xproj", "{529252BE-2602-46F1-A332-69ECABA2EE62}"
EndProject
Project("{8BB2217D-0F2D-49D1-97BC-3654ED321F3B}") = "InvSys.Gateway.Core", "src\InvSys.Gateway.Core\InvSys.Gateway.Core.xproj", "{463C032E-EEDB-44E3-A4AF-2971BCCB55FF}"
EndProject
Project("{8BB2217D-0F2D-49D1-97BC-3654ED321F3B}") = "InvSys.Shared.Core", "..\Shared\src\InvSys.Shared.Core\InvSys.Shared.Core.xproj", "{E1D50BC0-AFAB-4645-AD15-7E590E7E3109}"
EndProject
Project("{2150E333-8FDC-42A3-9474-1A3956D46DE8}") = "RuleOne", "RuleOne", "{B1AB5303-D648-475B-87DF-9A86BE5B63E5}"
EndProject
Project("{2150E333-8FDC-42A3-9474-1A3956D46DE8}") = "Companies", "Companies", "{6BCFF258-C2B5-4CCD-A92E-06A937CD357F}"
EndProject
Project("{8BB2217D-0F2D-49D1-97BC-3654ED321F3B}") = "InvSys.Companies.Api.Client", "..\Companies\src\InvSys.Companies.Api.Client\InvSys.Companies.Api.Client.xproj", "{56D2D2B2-EF3B-44BD-A532-6D67AAA1A9EF}"
EndProject
Project("{8BB2217D-0F2D-49D1-97BC-3654ED321F3B}") = "InvSys.RuleOne.Api.Client", "..\RuleOne\src\InvSys.RuleOne.Api.Client\InvSys.RuleOne.Api.Client.xproj", "{F063C6F3-9FB1-447A-9D29-BE7389F23611}"
EndProject
Global
	GlobalSection(SolutionConfigurationPlatforms) = preSolution
		Debug|Any CPU = Debug|Any CPU
		Release|Any CPU = Release|Any CPU
	EndGlobalSection
	GlobalSection(ProjectConfigurationPlatforms) = postSolution
		{DBB24D33-A373-4F65-A2F7-FCC0078BBAEB}.Debug|Any CPU.ActiveCfg = Debug|Any CPU
		{DBB24D33-A373-4F65-A2F7-FCC0078BBAEB}.Debug|Any CPU.Build.0 = Debug|Any CPU
		{DBB24D33-A373-4F65-A2F7-FCC0078BBAEB}.Release|Any CPU.ActiveCfg = Release|Any CPU
		{DBB24D33-A373-4F65-A2F7-FCC0078BBAEB}.Release|Any CPU.Build.0 = Release|Any CPU
		{FCF8DF79-06A3-4989-8843-35B50662865A}.Debug|Any CPU.ActiveCfg = Debug|Any CPU
		{FCF8DF79-06A3-4989-8843-35B50662865A}.Debug|Any CPU.Build.0 = Debug|Any CPU
		{FCF8DF79-06A3-4989-8843-35B50662865A}.Release|Any CPU.ActiveCfg = Release|Any CPU
		{FCF8DF79-06A3-4989-8843-35B50662865A}.Release|Any CPU.Build.0 = Release|Any CPU
		{7EC515D9-7F52-478F-A338-413055192BB4}.Debug|Any CPU.ActiveCfg = Debug|Any CPU
		{7EC515D9-7F52-478F-A338-413055192BB4}.Debug|Any CPU.Build.0 = Debug|Any CPU
		{7EC515D9-7F52-478F-A338-413055192BB4}.Release|Any CPU.ActiveCfg = Release|Any CPU
		{7EC515D9-7F52-478F-A338-413055192BB4}.Release|Any CPU.Build.0 = Release|Any CPU
		{6164DF67-4B0F-42ED-BCA7-12B407FF954C}.Debug|Any CPU.ActiveCfg = Debug|Any CPU
		{6164DF67-4B0F-42ED-BCA7-12B407FF954C}.Debug|Any CPU.Build.0 = Debug|Any CPU
		{6164DF67-4B0F-42ED-BCA7-12B407FF954C}.Release|Any CPU.ActiveCfg = Release|Any CPU
		{6164DF67-4B0F-42ED-BCA7-12B407FF954C}.Release|Any CPU.Build.0 = Release|Any CPU
		{529252BE-2602-46F1-A332-69ECABA2EE62}.Debug|Any CPU.ActiveCfg = Debug|Any CPU
		{529252BE-2602-46F1-A332-69ECABA2EE62}.Debug|Any CPU.Build.0 = Debug|Any CPU
		{529252BE-2602-46F1-A332-69ECABA2EE62}.Release|Any CPU.ActiveCfg = Release|Any CPU
		{529252BE-2602-46F1-A332-69ECABA2EE62}.Release|Any CPU.Build.0 = Release|Any CPU
		{463C032E-EEDB-44E3-A4AF-2971BCCB55FF}.Debug|Any CPU.ActiveCfg = Debug|Any CPU
		{463C032E-EEDB-44E3-A4AF-2971BCCB55FF}.Debug|Any CPU.Build.0 = Debug|Any CPU
		{463C032E-EEDB-44E3-A4AF-2971BCCB55FF}.Release|Any CPU.ActiveCfg = Release|Any CPU
		{463C032E-EEDB-44E3-A4AF-2971BCCB55FF}.Release|Any CPU.Build.0 = Release|Any CPU
		{E1D50BC0-AFAB-4645-AD15-7E590E7E3109}.Debug|Any CPU.ActiveCfg = Debug|Any CPU
		{E1D50BC0-AFAB-4645-AD15-7E590E7E3109}.Debug|Any CPU.Build.0 = Debug|Any CPU
		{E1D50BC0-AFAB-4645-AD15-7E590E7E3109}.Release|Any CPU.ActiveCfg = Release|Any CPU
		{E1D50BC0-AFAB-4645-AD15-7E590E7E3109}.Release|Any CPU.Build.0 = Release|Any CPU
		{56D2D2B2-EF3B-44BD-A532-6D67AAA1A9EF}.Debug|Any CPU.ActiveCfg = Debug|Any CPU
		{56D2D2B2-EF3B-44BD-A532-6D67AAA1A9EF}.Debug|Any CPU.Build.0 = Debug|Any CPU
		{56D2D2B2-EF3B-44BD-A532-6D67AAA1A9EF}.Release|Any CPU.ActiveCfg = Release|Any CPU
		{56D2D2B2-EF3B-44BD-A532-6D67AAA1A9EF}.Release|Any CPU.Build.0 = Release|Any CPU
		{F063C6F3-9FB1-447A-9D29-BE7389F23611}.Debug|Any CPU.ActiveCfg = Debug|Any CPU
		{F063C6F3-9FB1-447A-9D29-BE7389F23611}.Debug|Any CPU.Build.0 = Debug|Any CPU
		{F063C6F3-9FB1-447A-9D29-BE7389F23611}.Release|Any CPU.ActiveCfg = Release|Any CPU
		{F063C6F3-9FB1-447A-9D29-BE7389F23611}.Release|Any CPU.Build.0 = Release|Any CPU
	EndGlobalSection
	GlobalSection(SolutionProperties) = preSolution
		HideSolutionNode = FALSE
	EndGlobalSection
	GlobalSection(NestedProjects) = preSolution
		{FCF8DF79-06A3-4989-8843-35B50662865A} = {E16A2FE8-F805-4B6A-89A3-9503E7E9DBD7}
		{7EC515D9-7F52-478F-A338-413055192BB4} = {E16A2FE8-F805-4B6A-89A3-9503E7E9DBD7}
		{6164DF67-4B0F-42ED-BCA7-12B407FF954C} = {2D5F7C8F-B8E4-4850-8508-368D4BD31CAE}
		{529252BE-2602-46F1-A332-69ECABA2EE62} = {2D5F7C8F-B8E4-4850-8508-368D4BD31CAE}
		{E1D50BC0-AFAB-4645-AD15-7E590E7E3109} = {2D5F7C8F-B8E4-4850-8508-368D4BD31CAE}
		{56D2D2B2-EF3B-44BD-A532-6D67AAA1A9EF} = {6BCFF258-C2B5-4CCD-A92E-06A937CD357F}
		{F063C6F3-9FB1-447A-9D29-BE7389F23611} = {B1AB5303-D648-475B-87DF-9A86BE5B63E5}
	EndGlobalSection
EndGlobal
