
Microsoft Visual Studio Solution File, Format Version 12.00
# Visual Studio 14
VisualStudioVersion = 14.0.25420.1
MinimumVisualStudioVersion = 10.0.40219.1
Project("{2150E333-8FDC-42A3-9474-1A3956D46DE8}") = "Companies", "Companies", "{C8F84B44-D74A-4B0C-B654-BA544011780C}"
EndProject
Project("{8BB2217D-0F2D-49D1-97BC-3654ED321F3B}") = "InvSys.Companies.Api", "Companies\src\InvSys.Companies.Api\InvSys.Companies.Api.xproj", "{AE23E57B-55BA-4BDA-ABE0-4559A122D361}"
EndProject
Project("{2150E333-8FDC-42A3-9474-1A3956D46DE8}") = "Tests", "Tests", "{FCE23A7D-E49A-47EB-9520-24CC38F515C0}"
EndProject
Project("{8BB2217D-0F2D-49D1-97BC-3654ED321F3B}") = "InvSys.Companies.Tests.Integration", "Companies\src\Tests\InvSys.Companies.Tests.Integration\InvSys.Companies.Tests.Integration.xproj", "{145E4613-848A-466B-A935-733B42497966}"
EndProject
Project("{8BB2217D-0F2D-49D1-97BC-3654ED321F3B}") = "InvSys.Companies.Tests.Unit", "Companies\src\Tests\InvSys.Companies.Tests.Unit\InvSys.Companies.Tests.Unit.xproj", "{1A18B37F-1FF8-4EF1-8CE9-BAB44C60623C}"
EndProject
Project("{2150E333-8FDC-42A3-9474-1A3956D46DE8}") = "Shared", "Shared", "{23B43447-3C9F-4D2D-B0E0-49224A390F38}"
EndProject
Project("{8BB2217D-0F2D-49D1-97BC-3654ED321F3B}") = "InvSys.Shared.State", "Shared\src\InvSys.Shared.State\InvSys.Shared.State.xproj", "{C5A41CCF-6887-4786-AA86-6D832387349F}"
EndProject
Project("{8BB2217D-0F2D-49D1-97BC-3654ED321F3B}") = "InvSys.Companies.Core", "Companies\src\InvSys.Companies.Core\InvSys.Companies.Core.xproj", "{A3927FB2-5839-4D39-BE97-9C26F883F2A1}"
EndProject
Project("{8BB2217D-0F2D-49D1-97BC-3654ED321F3B}") = "InvSys.Companies.State", "Companies\src\InvSys.Companies.State\InvSys.Companies.State.xproj", "{A01C72C2-E780-49F0-A55D-9E81B304495E}"
EndProject
Project("{8BB2217D-0F2D-49D1-97BC-3654ED321F3B}") = "InvSys.Shared.Core", "Shared\src\InvSys.Shared.Core\InvSys.Shared.Core.xproj", "{E1D50BC0-AFAB-4645-AD15-7E590E7E3109}"
EndProject
Project("{2150E333-8FDC-42A3-9474-1A3956D46DE8}") = "Tests", "Tests", "{1B1C7DDA-FB5F-413A-B2D8-A72F64E49772}"
EndProject
Project("{8BB2217D-0F2D-49D1-97BC-3654ED321F3B}") = "InvSys.Shared.Tests.Unit", "Shared\src\Tests\InvSys.Shared.Tests.Unit\InvSys.Shared.Tests.Unit.xproj", "{96269013-C7EC-4AFD-A8C7-6B75464785AC}"
EndProject
Project("{8BB2217D-0F2D-49D1-97BC-3654ED321F3B}") = "InvSys.Shared.Tests.Integration", "Shared\src\Tests\InvSys.Shared.Tests.Integration\InvSys.Shared.Tests.Integration.xproj", "{D8ABF50B-3E12-4462-862A-41E4421196FC}"
EndProject
Project("{2150E333-8FDC-42A3-9474-1A3956D46DE8}") = "Identity", "Identity", "{5B536672-7568-4731-9E43-3A61CB735197}"
EndProject
Project("{8BB2217D-0F2D-49D1-97BC-3654ED321F3B}") = "InvSys.Identity.Core", "Identity\src\InvSys.Identity.Core\InvSys.Identity.Core.xproj", "{63BE17D5-206C-4C83-BABF-9CF85E91B97D}"
EndProject
Project("{8BB2217D-0F2D-49D1-97BC-3654ED321F3B}") = "InvSys.Identity.State", "Identity\src\InvSys.Identity.State\InvSys.Identity.State.xproj", "{5FB6FD2C-DB07-4F4B-9B2C-A1B34C4876F7}"
EndProject
Project("{8BB2217D-0F2D-49D1-97BC-3654ED321F3B}") = "InvSys.Identity.Api", "Identity\src\InvSys.Identity.Api\InvSys.Identity.Api.xproj", "{1F07EE21-997B-479C-8790-BE9FF309B22D}"
EndProject
Project("{2150E333-8FDC-42A3-9474-1A3956D46DE8}") = "Tests", "Tests", "{A4040122-28C2-4288-A520-8C0CA04BD53C}"
EndProject
Project("{8BB2217D-0F2D-49D1-97BC-3654ED321F3B}") = "InvSys.Identity.Tests.Unit", "Identity\src\Tests\InvSys.Identity.Tests.Unit\InvSys.Identity.Tests.Unit.xproj", "{741160E9-F433-4BC8-99C1-8F374A8397CF}"
EndProject
Project("{8BB2217D-0F2D-49D1-97BC-3654ED321F3B}") = "InvSys.Identity.Tests.Integration", "Identity\src\Tests\InvSys.Identity.Tests.Integration\InvSys.Identity.Tests.Integration.xproj", "{3289F429-FDFF-41DE-A48C-2C5AED6D2750}"
EndProject
Project("{8BB2217D-0F2D-49D1-97BC-3654ED321F3B}") = "InvSys.Identity.Api.Client", "Identity\src\InvSys.Identity.Api.Client\InvSys.Identity.Api.Client.xproj", "{CFA29625-CA6A-4A98-90FE-E96435726070}"
EndProject
Project("{8BB2217D-0F2D-49D1-97BC-3654ED321F3B}") = "InvSys.Companies.Api.Client", "Companies\src\InvSys.Companies.Api.Client\InvSys.Companies.Api.Client.xproj", "{56D2D2B2-EF3B-44BD-A532-6D67AAA1A9EF}"
EndProject
Project("{8BB2217D-0F2D-49D1-97BC-3654ED321F3B}") = "InvSys.Companies.Tests.Shared", "Companies\src\Tests\InvSys.Companies.Tests.Shared\InvSys.Companies.Tests.Shared.xproj", "{DECE25E8-3054-4342-8231-DDB82DD310E3}"
EndProject
Project("{A07B5EB6-E848-4116-A8D0-A826331D98C6}") = "InvestSystemsOrg", "InvestSystemsOrg\InvestSystemsOrg.sfproj", "{11443C3F-965C-4953-A67B-5E4077AD0B1C}"
EndProject
Project("{8BB2217D-0F2D-49D1-97BC-3654ED321F3B}") = "InvSys.Shared.Api", "Shared\src\InvSys.Shared.Api\InvSys.Shared.Api.xproj", "{6164DF67-4B0F-42ED-BCA7-12B407FF954C}"
EndProject
Project("{8BB2217D-0F2D-49D1-97BC-3654ED321F3B}") = "InvSys.Shared.Tests", "Shared\src\InvSys.Shared.Tests\InvSys.Shared.Tests.xproj", "{529252BE-2602-46F1-A332-69ECABA2EE62}"
EndProject
Project("{2150E333-8FDC-42A3-9474-1A3956D46DE8}") = "RuleOne", "RuleOne", "{BD5F7477-DE15-464E-BD3A-9E81A0E3CA65}"
EndProject
Project("{2150E333-8FDC-42A3-9474-1A3956D46DE8}") = "Tests", "Tests", "{53745689-ECAF-4AEA-992F-738185557F97}"
EndProject
Project("{8BB2217D-0F2D-49D1-97BC-3654ED321F3B}") = "InvSys.RuleOne.Core", "RuleOne\src\InvSys.RuleOne.Core\InvSys.RuleOne.Core.xproj", "{421B6C40-8F6A-4ACE-8BA0-44BDC033346D}"
EndProject
Project("{8BB2217D-0F2D-49D1-97BC-3654ED321F3B}") = "InvSys.RuleOne.State", "RuleOne\src\InvSys.RuleOne.State\InvSys.RuleOne.State.xproj", "{302C1A44-128F-4019-983B-3FA4CF7E5010}"
EndProject
Project("{8BB2217D-0F2D-49D1-97BC-3654ED321F3B}") = "InvSys.RuleOne.Api", "RuleOne\src\InvSys.RuleOne.Api\InvSys.RuleOne.Api.xproj", "{DBB24D33-A373-4F65-A2F7-FCC0078BBAEB}"
EndProject
Project("{8BB2217D-0F2D-49D1-97BC-3654ED321F3B}") = "InvSys.RuleOne.Tests.Unit", "RuleOne\src\Tests\InvSys.RuleOne.Tests.Unit\InvSys.RuleOne.Tests.Unit.xproj", "{7EC515D9-7F52-478F-A338-413055192BB4}"
EndProject
Project("{8BB2217D-0F2D-49D1-97BC-3654ED321F3B}") = "InvSys.RuleOne.Tests.Integration", "RuleOne\src\Tests\InvSys.RuleOne.Tests.Integration\InvSys.RuleOne.Tests.Integration.xproj", "{FCF8DF79-06A3-4989-8843-35B50662865A}"
EndProject
Project("{2150E333-8FDC-42A3-9474-1A3956D46DE8}") = "Solution Items", "Solution Items", "{7FE34521-754C-4CD9-84E6-9F06CE35F95D}"
	ProjectSection(SolutionItems) = preProject
		global.json = global.json
	EndProjectSection
EndProject
Global
	GlobalSection(SolutionConfigurationPlatforms) = preSolution
		Debug|Any CPU = Debug|Any CPU
		Debug|x64 = Debug|x64
		Release|Any CPU = Release|Any CPU
		Release|x64 = Release|x64
	EndGlobalSection
	GlobalSection(ProjectConfigurationPlatforms) = postSolution
		{AE23E57B-55BA-4BDA-ABE0-4559A122D361}.Debug|Any CPU.ActiveCfg = Debug|Any CPU
		{AE23E57B-55BA-4BDA-ABE0-4559A122D361}.Debug|Any CPU.Build.0 = Debug|Any CPU
		{AE23E57B-55BA-4BDA-ABE0-4559A122D361}.Debug|x64.ActiveCfg = Debug|Any CPU
		{AE23E57B-55BA-4BDA-ABE0-4559A122D361}.Debug|x64.Build.0 = Debug|Any CPU
		{AE23E57B-55BA-4BDA-ABE0-4559A122D361}.Release|Any CPU.ActiveCfg = Release|Any CPU
		{AE23E57B-55BA-4BDA-ABE0-4559A122D361}.Release|Any CPU.Build.0 = Release|Any CPU
		{AE23E57B-55BA-4BDA-ABE0-4559A122D361}.Release|x64.ActiveCfg = Release|Any CPU
		{AE23E57B-55BA-4BDA-ABE0-4559A122D361}.Release|x64.Build.0 = Release|Any CPU
		{145E4613-848A-466B-A935-733B42497966}.Debug|Any CPU.ActiveCfg = Debug|Any CPU
		{145E4613-848A-466B-A935-733B42497966}.Debug|Any CPU.Build.0 = Debug|Any CPU
		{145E4613-848A-466B-A935-733B42497966}.Debug|x64.ActiveCfg = Debug|Any CPU
		{145E4613-848A-466B-A935-733B42497966}.Debug|x64.Build.0 = Debug|Any CPU
		{145E4613-848A-466B-A935-733B42497966}.Release|Any CPU.ActiveCfg = Release|Any CPU
		{145E4613-848A-466B-A935-733B42497966}.Release|Any CPU.Build.0 = Release|Any CPU
		{145E4613-848A-466B-A935-733B42497966}.Release|x64.ActiveCfg = Release|Any CPU
		{145E4613-848A-466B-A935-733B42497966}.Release|x64.Build.0 = Release|Any CPU
		{1A18B37F-1FF8-4EF1-8CE9-BAB44C60623C}.Debug|Any CPU.ActiveCfg = Debug|Any CPU
		{1A18B37F-1FF8-4EF1-8CE9-BAB44C60623C}.Debug|Any CPU.Build.0 = Debug|Any CPU
		{1A18B37F-1FF8-4EF1-8CE9-BAB44C60623C}.Debug|x64.ActiveCfg = Debug|Any CPU
		{1A18B37F-1FF8-4EF1-8CE9-BAB44C60623C}.Debug|x64.Build.0 = Debug|Any CPU
		{1A18B37F-1FF8-4EF1-8CE9-BAB44C60623C}.Release|Any CPU.ActiveCfg = Release|Any CPU
		{1A18B37F-1FF8-4EF1-8CE9-BAB44C60623C}.Release|Any CPU.Build.0 = Release|Any CPU
		{1A18B37F-1FF8-4EF1-8CE9-BAB44C60623C}.Release|x64.ActiveCfg = Release|Any CPU
		{1A18B37F-1FF8-4EF1-8CE9-BAB44C60623C}.Release|x64.Build.0 = Release|Any CPU
		{C5A41CCF-6887-4786-AA86-6D832387349F}.Debug|Any CPU.ActiveCfg = Debug|Any CPU
		{C5A41CCF-6887-4786-AA86-6D832387349F}.Debug|Any CPU.Build.0 = Debug|Any CPU
		{C5A41CCF-6887-4786-AA86-6D832387349F}.Debug|x64.ActiveCfg = Debug|Any CPU
		{C5A41CCF-6887-4786-AA86-6D832387349F}.Debug|x64.Build.0 = Debug|Any CPU
		{C5A41CCF-6887-4786-AA86-6D832387349F}.Release|Any CPU.ActiveCfg = Release|Any CPU
		{C5A41CCF-6887-4786-AA86-6D832387349F}.Release|Any CPU.Build.0 = Release|Any CPU
		{C5A41CCF-6887-4786-AA86-6D832387349F}.Release|x64.ActiveCfg = Release|Any CPU
		{C5A41CCF-6887-4786-AA86-6D832387349F}.Release|x64.Build.0 = Release|Any CPU
		{A3927FB2-5839-4D39-BE97-9C26F883F2A1}.Debug|Any CPU.ActiveCfg = Debug|Any CPU
		{A3927FB2-5839-4D39-BE97-9C26F883F2A1}.Debug|Any CPU.Build.0 = Debug|Any CPU
		{A3927FB2-5839-4D39-BE97-9C26F883F2A1}.Debug|x64.ActiveCfg = Debug|Any CPU
		{A3927FB2-5839-4D39-BE97-9C26F883F2A1}.Debug|x64.Build.0 = Debug|Any CPU
		{A3927FB2-5839-4D39-BE97-9C26F883F2A1}.Release|Any CPU.ActiveCfg = Release|Any CPU
		{A3927FB2-5839-4D39-BE97-9C26F883F2A1}.Release|Any CPU.Build.0 = Release|Any CPU
		{A3927FB2-5839-4D39-BE97-9C26F883F2A1}.Release|x64.ActiveCfg = Release|Any CPU
		{A3927FB2-5839-4D39-BE97-9C26F883F2A1}.Release|x64.Build.0 = Release|Any CPU
		{A01C72C2-E780-49F0-A55D-9E81B304495E}.Debug|Any CPU.ActiveCfg = Debug|Any CPU
		{A01C72C2-E780-49F0-A55D-9E81B304495E}.Debug|Any CPU.Build.0 = Debug|Any CPU
		{A01C72C2-E780-49F0-A55D-9E81B304495E}.Debug|x64.ActiveCfg = Debug|Any CPU
		{A01C72C2-E780-49F0-A55D-9E81B304495E}.Debug|x64.Build.0 = Debug|Any CPU
		{A01C72C2-E780-49F0-A55D-9E81B304495E}.Release|Any CPU.ActiveCfg = Release|Any CPU
		{A01C72C2-E780-49F0-A55D-9E81B304495E}.Release|Any CPU.Build.0 = Release|Any CPU
		{A01C72C2-E780-49F0-A55D-9E81B304495E}.Release|x64.ActiveCfg = Release|Any CPU
		{A01C72C2-E780-49F0-A55D-9E81B304495E}.Release|x64.Build.0 = Release|Any CPU
		{E1D50BC0-AFAB-4645-AD15-7E590E7E3109}.Debug|Any CPU.ActiveCfg = Debug|Any CPU
		{E1D50BC0-AFAB-4645-AD15-7E590E7E3109}.Debug|Any CPU.Build.0 = Debug|Any CPU
		{E1D50BC0-AFAB-4645-AD15-7E590E7E3109}.Debug|x64.ActiveCfg = Debug|Any CPU
		{E1D50BC0-AFAB-4645-AD15-7E590E7E3109}.Debug|x64.Build.0 = Debug|Any CPU
		{E1D50BC0-AFAB-4645-AD15-7E590E7E3109}.Release|Any CPU.ActiveCfg = Release|Any CPU
		{E1D50BC0-AFAB-4645-AD15-7E590E7E3109}.Release|Any CPU.Build.0 = Release|Any CPU
		{E1D50BC0-AFAB-4645-AD15-7E590E7E3109}.Release|x64.ActiveCfg = Release|Any CPU
		{E1D50BC0-AFAB-4645-AD15-7E590E7E3109}.Release|x64.Build.0 = Release|Any CPU
		{96269013-C7EC-4AFD-A8C7-6B75464785AC}.Debug|Any CPU.ActiveCfg = Debug|Any CPU
		{96269013-C7EC-4AFD-A8C7-6B75464785AC}.Debug|Any CPU.Build.0 = Debug|Any CPU
		{96269013-C7EC-4AFD-A8C7-6B75464785AC}.Debug|x64.ActiveCfg = Debug|Any CPU
		{96269013-C7EC-4AFD-A8C7-6B75464785AC}.Debug|x64.Build.0 = Debug|Any CPU
		{96269013-C7EC-4AFD-A8C7-6B75464785AC}.Release|Any CPU.ActiveCfg = Release|Any CPU
		{96269013-C7EC-4AFD-A8C7-6B75464785AC}.Release|Any CPU.Build.0 = Release|Any CPU
		{96269013-C7EC-4AFD-A8C7-6B75464785AC}.Release|x64.ActiveCfg = Release|Any CPU
		{96269013-C7EC-4AFD-A8C7-6B75464785AC}.Release|x64.Build.0 = Release|Any CPU
		{D8ABF50B-3E12-4462-862A-41E4421196FC}.Debug|Any CPU.ActiveCfg = Debug|Any CPU
		{D8ABF50B-3E12-4462-862A-41E4421196FC}.Debug|Any CPU.Build.0 = Debug|Any CPU
		{D8ABF50B-3E12-4462-862A-41E4421196FC}.Debug|x64.ActiveCfg = Debug|Any CPU
		{D8ABF50B-3E12-4462-862A-41E4421196FC}.Debug|x64.Build.0 = Debug|Any CPU
		{D8ABF50B-3E12-4462-862A-41E4421196FC}.Release|Any CPU.ActiveCfg = Release|Any CPU
		{D8ABF50B-3E12-4462-862A-41E4421196FC}.Release|Any CPU.Build.0 = Release|Any CPU
		{D8ABF50B-3E12-4462-862A-41E4421196FC}.Release|x64.ActiveCfg = Release|Any CPU
		{D8ABF50B-3E12-4462-862A-41E4421196FC}.Release|x64.Build.0 = Release|Any CPU
		{63BE17D5-206C-4C83-BABF-9CF85E91B97D}.Debug|Any CPU.ActiveCfg = Debug|Any CPU
		{63BE17D5-206C-4C83-BABF-9CF85E91B97D}.Debug|Any CPU.Build.0 = Debug|Any CPU
		{63BE17D5-206C-4C83-BABF-9CF85E91B97D}.Debug|x64.ActiveCfg = Debug|Any CPU
		{63BE17D5-206C-4C83-BABF-9CF85E91B97D}.Debug|x64.Build.0 = Debug|Any CPU
		{63BE17D5-206C-4C83-BABF-9CF85E91B97D}.Release|Any CPU.ActiveCfg = Release|Any CPU
		{63BE17D5-206C-4C83-BABF-9CF85E91B97D}.Release|Any CPU.Build.0 = Release|Any CPU
		{63BE17D5-206C-4C83-BABF-9CF85E91B97D}.Release|x64.ActiveCfg = Release|Any CPU
		{63BE17D5-206C-4C83-BABF-9CF85E91B97D}.Release|x64.Build.0 = Release|Any CPU
		{5FB6FD2C-DB07-4F4B-9B2C-A1B34C4876F7}.Debug|Any CPU.ActiveCfg = Debug|Any CPU
		{5FB6FD2C-DB07-4F4B-9B2C-A1B34C4876F7}.Debug|Any CPU.Build.0 = Debug|Any CPU
		{5FB6FD2C-DB07-4F4B-9B2C-A1B34C4876F7}.Debug|x64.ActiveCfg = Debug|Any CPU
		{5FB6FD2C-DB07-4F4B-9B2C-A1B34C4876F7}.Debug|x64.Build.0 = Debug|Any CPU
		{5FB6FD2C-DB07-4F4B-9B2C-A1B34C4876F7}.Release|Any CPU.ActiveCfg = Release|Any CPU
		{5FB6FD2C-DB07-4F4B-9B2C-A1B34C4876F7}.Release|Any CPU.Build.0 = Release|Any CPU
		{5FB6FD2C-DB07-4F4B-9B2C-A1B34C4876F7}.Release|x64.ActiveCfg = Release|Any CPU
		{5FB6FD2C-DB07-4F4B-9B2C-A1B34C4876F7}.Release|x64.Build.0 = Release|Any CPU
		{1F07EE21-997B-479C-8790-BE9FF309B22D}.Debug|Any CPU.ActiveCfg = Debug|Any CPU
		{1F07EE21-997B-479C-8790-BE9FF309B22D}.Debug|Any CPU.Build.0 = Debug|Any CPU
		{1F07EE21-997B-479C-8790-BE9FF309B22D}.Debug|x64.ActiveCfg = Debug|Any CPU
		{1F07EE21-997B-479C-8790-BE9FF309B22D}.Debug|x64.Build.0 = Debug|Any CPU
		{1F07EE21-997B-479C-8790-BE9FF309B22D}.Release|Any CPU.ActiveCfg = Release|Any CPU
		{1F07EE21-997B-479C-8790-BE9FF309B22D}.Release|Any CPU.Build.0 = Release|Any CPU
		{1F07EE21-997B-479C-8790-BE9FF309B22D}.Release|x64.ActiveCfg = Release|Any CPU
		{1F07EE21-997B-479C-8790-BE9FF309B22D}.Release|x64.Build.0 = Release|Any CPU
		{741160E9-F433-4BC8-99C1-8F374A8397CF}.Debug|Any CPU.ActiveCfg = Debug|Any CPU
		{741160E9-F433-4BC8-99C1-8F374A8397CF}.Debug|Any CPU.Build.0 = Debug|Any CPU
		{741160E9-F433-4BC8-99C1-8F374A8397CF}.Debug|x64.ActiveCfg = Debug|Any CPU
		{741160E9-F433-4BC8-99C1-8F374A8397CF}.Debug|x64.Build.0 = Debug|Any CPU
		{741160E9-F433-4BC8-99C1-8F374A8397CF}.Release|Any CPU.ActiveCfg = Release|Any CPU
		{741160E9-F433-4BC8-99C1-8F374A8397CF}.Release|Any CPU.Build.0 = Release|Any CPU
		{741160E9-F433-4BC8-99C1-8F374A8397CF}.Release|x64.ActiveCfg = Release|Any CPU
		{741160E9-F433-4BC8-99C1-8F374A8397CF}.Release|x64.Build.0 = Release|Any CPU
		{3289F429-FDFF-41DE-A48C-2C5AED6D2750}.Debug|Any CPU.ActiveCfg = Debug|Any CPU
		{3289F429-FDFF-41DE-A48C-2C5AED6D2750}.Debug|Any CPU.Build.0 = Debug|Any CPU
		{3289F429-FDFF-41DE-A48C-2C5AED6D2750}.Debug|x64.ActiveCfg = Debug|Any CPU
		{3289F429-FDFF-41DE-A48C-2C5AED6D2750}.Debug|x64.Build.0 = Debug|Any CPU
		{3289F429-FDFF-41DE-A48C-2C5AED6D2750}.Release|Any CPU.ActiveCfg = Release|Any CPU
		{3289F429-FDFF-41DE-A48C-2C5AED6D2750}.Release|Any CPU.Build.0 = Release|Any CPU
		{3289F429-FDFF-41DE-A48C-2C5AED6D2750}.Release|x64.ActiveCfg = Release|Any CPU
		{3289F429-FDFF-41DE-A48C-2C5AED6D2750}.Release|x64.Build.0 = Release|Any CPU
		{CFA29625-CA6A-4A98-90FE-E96435726070}.Debug|Any CPU.ActiveCfg = Debug|Any CPU
		{CFA29625-CA6A-4A98-90FE-E96435726070}.Debug|Any CPU.Build.0 = Debug|Any CPU
		{CFA29625-CA6A-4A98-90FE-E96435726070}.Debug|x64.ActiveCfg = Debug|Any CPU
		{CFA29625-CA6A-4A98-90FE-E96435726070}.Debug|x64.Build.0 = Debug|Any CPU
		{CFA29625-CA6A-4A98-90FE-E96435726070}.Release|Any CPU.ActiveCfg = Release|Any CPU
		{CFA29625-CA6A-4A98-90FE-E96435726070}.Release|Any CPU.Build.0 = Release|Any CPU
		{CFA29625-CA6A-4A98-90FE-E96435726070}.Release|x64.ActiveCfg = Release|Any CPU
		{CFA29625-CA6A-4A98-90FE-E96435726070}.Release|x64.Build.0 = Release|Any CPU
		{56D2D2B2-EF3B-44BD-A532-6D67AAA1A9EF}.Debug|Any CPU.ActiveCfg = Debug|Any CPU
		{56D2D2B2-EF3B-44BD-A532-6D67AAA1A9EF}.Debug|Any CPU.Build.0 = Debug|Any CPU
		{56D2D2B2-EF3B-44BD-A532-6D67AAA1A9EF}.Debug|x64.ActiveCfg = Debug|Any CPU
		{56D2D2B2-EF3B-44BD-A532-6D67AAA1A9EF}.Debug|x64.Build.0 = Debug|Any CPU
		{56D2D2B2-EF3B-44BD-A532-6D67AAA1A9EF}.Release|Any CPU.ActiveCfg = Release|Any CPU
		{56D2D2B2-EF3B-44BD-A532-6D67AAA1A9EF}.Release|Any CPU.Build.0 = Release|Any CPU
		{56D2D2B2-EF3B-44BD-A532-6D67AAA1A9EF}.Release|x64.ActiveCfg = Release|Any CPU
		{56D2D2B2-EF3B-44BD-A532-6D67AAA1A9EF}.Release|x64.Build.0 = Release|Any CPU
		{DECE25E8-3054-4342-8231-DDB82DD310E3}.Debug|Any CPU.ActiveCfg = Debug|Any CPU
		{DECE25E8-3054-4342-8231-DDB82DD310E3}.Debug|Any CPU.Build.0 = Debug|Any CPU
		{DECE25E8-3054-4342-8231-DDB82DD310E3}.Debug|x64.ActiveCfg = Debug|Any CPU
		{DECE25E8-3054-4342-8231-DDB82DD310E3}.Debug|x64.Build.0 = Debug|Any CPU
		{DECE25E8-3054-4342-8231-DDB82DD310E3}.Release|Any CPU.ActiveCfg = Release|Any CPU
		{DECE25E8-3054-4342-8231-DDB82DD310E3}.Release|Any CPU.Build.0 = Release|Any CPU
		{DECE25E8-3054-4342-8231-DDB82DD310E3}.Release|x64.ActiveCfg = Release|Any CPU
		{DECE25E8-3054-4342-8231-DDB82DD310E3}.Release|x64.Build.0 = Release|Any CPU
		{11443C3F-965C-4953-A67B-5E4077AD0B1C}.Debug|Any CPU.ActiveCfg = Debug|x64
		{11443C3F-965C-4953-A67B-5E4077AD0B1C}.Debug|x64.ActiveCfg = Debug|x64
		{11443C3F-965C-4953-A67B-5E4077AD0B1C}.Debug|x64.Build.0 = Debug|x64
		{11443C3F-965C-4953-A67B-5E4077AD0B1C}.Debug|x64.Deploy.0 = Debug|x64
		{11443C3F-965C-4953-A67B-5E4077AD0B1C}.Release|Any CPU.ActiveCfg = Release|x64
		{11443C3F-965C-4953-A67B-5E4077AD0B1C}.Release|x64.ActiveCfg = Release|x64
		{11443C3F-965C-4953-A67B-5E4077AD0B1C}.Release|x64.Build.0 = Release|x64
		{11443C3F-965C-4953-A67B-5E4077AD0B1C}.Release|x64.Deploy.0 = Release|x64
		{6164DF67-4B0F-42ED-BCA7-12B407FF954C}.Debug|Any CPU.ActiveCfg = Debug|Any CPU
		{6164DF67-4B0F-42ED-BCA7-12B407FF954C}.Debug|Any CPU.Build.0 = Debug|Any CPU
		{6164DF67-4B0F-42ED-BCA7-12B407FF954C}.Debug|x64.ActiveCfg = Debug|Any CPU
		{6164DF67-4B0F-42ED-BCA7-12B407FF954C}.Debug|x64.Build.0 = Debug|Any CPU
		{6164DF67-4B0F-42ED-BCA7-12B407FF954C}.Release|Any CPU.ActiveCfg = Release|Any CPU
		{6164DF67-4B0F-42ED-BCA7-12B407FF954C}.Release|Any CPU.Build.0 = Release|Any CPU
		{6164DF67-4B0F-42ED-BCA7-12B407FF954C}.Release|x64.ActiveCfg = Release|Any CPU
		{6164DF67-4B0F-42ED-BCA7-12B407FF954C}.Release|x64.Build.0 = Release|Any CPU
		{529252BE-2602-46F1-A332-69ECABA2EE62}.Debug|Any CPU.ActiveCfg = Debug|Any CPU
		{529252BE-2602-46F1-A332-69ECABA2EE62}.Debug|Any CPU.Build.0 = Debug|Any CPU
		{529252BE-2602-46F1-A332-69ECABA2EE62}.Debug|x64.ActiveCfg = Debug|Any CPU
		{529252BE-2602-46F1-A332-69ECABA2EE62}.Debug|x64.Build.0 = Debug|Any CPU
		{529252BE-2602-46F1-A332-69ECABA2EE62}.Release|Any CPU.ActiveCfg = Release|Any CPU
		{529252BE-2602-46F1-A332-69ECABA2EE62}.Release|Any CPU.Build.0 = Release|Any CPU
		{529252BE-2602-46F1-A332-69ECABA2EE62}.Release|x64.ActiveCfg = Release|Any CPU
		{529252BE-2602-46F1-A332-69ECABA2EE62}.Release|x64.Build.0 = Release|Any CPU
		{421B6C40-8F6A-4ACE-8BA0-44BDC033346D}.Debug|Any CPU.ActiveCfg = Debug|Any CPU
		{421B6C40-8F6A-4ACE-8BA0-44BDC033346D}.Debug|Any CPU.Build.0 = Debug|Any CPU
		{421B6C40-8F6A-4ACE-8BA0-44BDC033346D}.Debug|x64.ActiveCfg = Debug|Any CPU
		{421B6C40-8F6A-4ACE-8BA0-44BDC033346D}.Debug|x64.Build.0 = Debug|Any CPU
		{421B6C40-8F6A-4ACE-8BA0-44BDC033346D}.Release|Any CPU.ActiveCfg = Release|Any CPU
		{421B6C40-8F6A-4ACE-8BA0-44BDC033346D}.Release|Any CPU.Build.0 = Release|Any CPU
		{421B6C40-8F6A-4ACE-8BA0-44BDC033346D}.Release|x64.ActiveCfg = Release|Any CPU
		{421B6C40-8F6A-4ACE-8BA0-44BDC033346D}.Release|x64.Build.0 = Release|Any CPU
		{302C1A44-128F-4019-983B-3FA4CF7E5010}.Debug|Any CPU.ActiveCfg = Debug|Any CPU
		{302C1A44-128F-4019-983B-3FA4CF7E5010}.Debug|Any CPU.Build.0 = Debug|Any CPU
		{302C1A44-128F-4019-983B-3FA4CF7E5010}.Debug|x64.ActiveCfg = Debug|Any CPU
		{302C1A44-128F-4019-983B-3FA4CF7E5010}.Debug|x64.Build.0 = Debug|Any CPU
		{302C1A44-128F-4019-983B-3FA4CF7E5010}.Release|Any CPU.ActiveCfg = Release|Any CPU
		{302C1A44-128F-4019-983B-3FA4CF7E5010}.Release|Any CPU.Build.0 = Release|Any CPU
		{302C1A44-128F-4019-983B-3FA4CF7E5010}.Release|x64.ActiveCfg = Release|Any CPU
		{302C1A44-128F-4019-983B-3FA4CF7E5010}.Release|x64.Build.0 = Release|Any CPU
		{DBB24D33-A373-4F65-A2F7-FCC0078BBAEB}.Debug|Any CPU.ActiveCfg = Debug|Any CPU
		{DBB24D33-A373-4F65-A2F7-FCC0078BBAEB}.Debug|Any CPU.Build.0 = Debug|Any CPU
		{DBB24D33-A373-4F65-A2F7-FCC0078BBAEB}.Debug|x64.ActiveCfg = Debug|Any CPU
		{DBB24D33-A373-4F65-A2F7-FCC0078BBAEB}.Debug|x64.Build.0 = Debug|Any CPU
		{DBB24D33-A373-4F65-A2F7-FCC0078BBAEB}.Release|Any CPU.ActiveCfg = Release|Any CPU
		{DBB24D33-A373-4F65-A2F7-FCC0078BBAEB}.Release|Any CPU.Build.0 = Release|Any CPU
		{DBB24D33-A373-4F65-A2F7-FCC0078BBAEB}.Release|x64.ActiveCfg = Release|Any CPU
		{DBB24D33-A373-4F65-A2F7-FCC0078BBAEB}.Release|x64.Build.0 = Release|Any CPU
		{7EC515D9-7F52-478F-A338-413055192BB4}.Debug|Any CPU.ActiveCfg = Debug|Any CPU
		{7EC515D9-7F52-478F-A338-413055192BB4}.Debug|Any CPU.Build.0 = Debug|Any CPU
		{7EC515D9-7F52-478F-A338-413055192BB4}.Debug|x64.ActiveCfg = Debug|Any CPU
		{7EC515D9-7F52-478F-A338-413055192BB4}.Debug|x64.Build.0 = Debug|Any CPU
		{7EC515D9-7F52-478F-A338-413055192BB4}.Release|Any CPU.ActiveCfg = Release|Any CPU
		{7EC515D9-7F52-478F-A338-413055192BB4}.Release|Any CPU.Build.0 = Release|Any CPU
		{7EC515D9-7F52-478F-A338-413055192BB4}.Release|x64.ActiveCfg = Release|Any CPU
		{7EC515D9-7F52-478F-A338-413055192BB4}.Release|x64.Build.0 = Release|Any CPU
		{FCF8DF79-06A3-4989-8843-35B50662865A}.Debug|Any CPU.ActiveCfg = Debug|Any CPU
		{FCF8DF79-06A3-4989-8843-35B50662865A}.Debug|Any CPU.Build.0 = Debug|Any CPU
		{FCF8DF79-06A3-4989-8843-35B50662865A}.Debug|x64.ActiveCfg = Debug|Any CPU
		{FCF8DF79-06A3-4989-8843-35B50662865A}.Debug|x64.Build.0 = Debug|Any CPU
		{FCF8DF79-06A3-4989-8843-35B50662865A}.Release|Any CPU.ActiveCfg = Release|Any CPU
		{FCF8DF79-06A3-4989-8843-35B50662865A}.Release|Any CPU.Build.0 = Release|Any CPU
		{FCF8DF79-06A3-4989-8843-35B50662865A}.Release|x64.ActiveCfg = Release|Any CPU
		{FCF8DF79-06A3-4989-8843-35B50662865A}.Release|x64.Build.0 = Release|Any CPU
	EndGlobalSection
	GlobalSection(SolutionProperties) = preSolution
		HideSolutionNode = FALSE
	EndGlobalSection
	GlobalSection(NestedProjects) = preSolution
		{AE23E57B-55BA-4BDA-ABE0-4559A122D361} = {C8F84B44-D74A-4B0C-B654-BA544011780C}
		{FCE23A7D-E49A-47EB-9520-24CC38F515C0} = {C8F84B44-D74A-4B0C-B654-BA544011780C}
		{145E4613-848A-466B-A935-733B42497966} = {FCE23A7D-E49A-47EB-9520-24CC38F515C0}
		{1A18B37F-1FF8-4EF1-8CE9-BAB44C60623C} = {FCE23A7D-E49A-47EB-9520-24CC38F515C0}
		{C5A41CCF-6887-4786-AA86-6D832387349F} = {23B43447-3C9F-4D2D-B0E0-49224A390F38}
		{A3927FB2-5839-4D39-BE97-9C26F883F2A1} = {C8F84B44-D74A-4B0C-B654-BA544011780C}
		{A01C72C2-E780-49F0-A55D-9E81B304495E} = {C8F84B44-D74A-4B0C-B654-BA544011780C}
		{E1D50BC0-AFAB-4645-AD15-7E590E7E3109} = {23B43447-3C9F-4D2D-B0E0-49224A390F38}
		{1B1C7DDA-FB5F-413A-B2D8-A72F64E49772} = {23B43447-3C9F-4D2D-B0E0-49224A390F38}
		{96269013-C7EC-4AFD-A8C7-6B75464785AC} = {1B1C7DDA-FB5F-413A-B2D8-A72F64E49772}
		{D8ABF50B-3E12-4462-862A-41E4421196FC} = {1B1C7DDA-FB5F-413A-B2D8-A72F64E49772}
		{63BE17D5-206C-4C83-BABF-9CF85E91B97D} = {5B536672-7568-4731-9E43-3A61CB735197}
		{5FB6FD2C-DB07-4F4B-9B2C-A1B34C4876F7} = {5B536672-7568-4731-9E43-3A61CB735197}
		{1F07EE21-997B-479C-8790-BE9FF309B22D} = {5B536672-7568-4731-9E43-3A61CB735197}
		{A4040122-28C2-4288-A520-8C0CA04BD53C} = {5B536672-7568-4731-9E43-3A61CB735197}
		{741160E9-F433-4BC8-99C1-8F374A8397CF} = {A4040122-28C2-4288-A520-8C0CA04BD53C}
		{3289F429-FDFF-41DE-A48C-2C5AED6D2750} = {A4040122-28C2-4288-A520-8C0CA04BD53C}
		{CFA29625-CA6A-4A98-90FE-E96435726070} = {5B536672-7568-4731-9E43-3A61CB735197}
		{56D2D2B2-EF3B-44BD-A532-6D67AAA1A9EF} = {C8F84B44-D74A-4B0C-B654-BA544011780C}
		{DECE25E8-3054-4342-8231-DDB82DD310E3} = {FCE23A7D-E49A-47EB-9520-24CC38F515C0}
		{6164DF67-4B0F-42ED-BCA7-12B407FF954C} = {23B43447-3C9F-4D2D-B0E0-49224A390F38}
		{529252BE-2602-46F1-A332-69ECABA2EE62} = {23B43447-3C9F-4D2D-B0E0-49224A390F38}
		{53745689-ECAF-4AEA-992F-738185557F97} = {BD5F7477-DE15-464E-BD3A-9E81A0E3CA65}
		{421B6C40-8F6A-4ACE-8BA0-44BDC033346D} = {BD5F7477-DE15-464E-BD3A-9E81A0E3CA65}
		{302C1A44-128F-4019-983B-3FA4CF7E5010} = {BD5F7477-DE15-464E-BD3A-9E81A0E3CA65}
		{DBB24D33-A373-4F65-A2F7-FCC0078BBAEB} = {BD5F7477-DE15-464E-BD3A-9E81A0E3CA65}
		{7EC515D9-7F52-478F-A338-413055192BB4} = {53745689-ECAF-4AEA-992F-738185557F97}
		{FCF8DF79-06A3-4989-8843-35B50662865A} = {53745689-ECAF-4AEA-992F-738185557F97}
	EndGlobalSection
EndGlobal
