
Microsoft Visual Studio Solution File, Format Version 12.00
# Visual Studio 14
VisualStudioVersion = 14.0.25420.1
MinimumVisualStudioVersion = 10.0.40219.1
Project("{8BB2217D-0F2D-49D1-97BC-3654ED321F3B}") = "InvSys.RuleOne.Api", "src\InvSys.RuleOne.Api\InvSys.RuleOne.Api.xproj", "{DBB24D33-A373-4F65-A2F7-FCC0078BBAEB}"
EndProject
Project("{8BB2217D-0F2D-49D1-97BC-3654ED321F3B}") = "InvSys.RuleOne.State", "src\InvSys.RuleOne.State\InvSys.RuleOne.State.xproj", "{302C1A44-128F-4019-983B-3FA4CF7E5010}"
EndProject
Project("{8BB2217D-0F2D-49D1-97BC-3654ED321F3B}") = "InvSys.RuleOne.Core", "src\InvSys.RuleOne.Core\InvSys.RuleOne.Core.xproj", "{421B6C40-8F6A-4ACE-8BA0-44BDC033346D}"
EndProject
Project("{8BB2217D-0F2D-49D1-97BC-3654ED321F3B}") = "InvSys.Shared.Core", "..\Shared\src\InvSys.Shared.Core\InvSys.Shared.Core.xproj", "{E1D50BC0-AFAB-4645-AD15-7E590E7E3109}"
EndProject
Project("{8BB2217D-0F2D-49D1-97BC-3654ED321F3B}") = "InvSys.Shared.State", "..\Shared\src\InvSys.Shared.State\InvSys.Shared.State.xproj", "{C5A41CCF-6887-4786-AA86-6D832387349F}"
EndProject
Project("{8BB2217D-0F2D-49D1-97BC-3654ED321F3B}") = "InvSys.Shared.Api", "..\Shared\src\InvSys.Shared.Api\InvSys.Shared.Api.xproj", "{6164DF67-4B0F-42ED-BCA7-12B407FF954C}"
EndProject
Project("{2150E333-8FDC-42A3-9474-1A3956D46DE8}") = "Shared", "Shared", "{25C1511D-FFDA-4B51-8033-47B2DC99FC10}"
EndProject
Project("{2150E333-8FDC-42A3-9474-1A3956D46DE8}") = "Tests", "Tests", "{B76475E3-2F23-4640-BC64-C5F22D237F25}"
EndProject
Project("{8BB2217D-0F2D-49D1-97BC-3654ED321F3B}") = "InvSys.RuleOne.Tests.Integration", "src\Tests\InvSys.RuleOne.Tests.Integration\InvSys.RuleOne.Tests.Integration.xproj", "{FCF8DF79-06A3-4989-8843-35B50662865A}"
EndProject
Project("{8BB2217D-0F2D-49D1-97BC-3654ED321F3B}") = "InvSys.Shared.Tests", "..\Shared\src\InvSys.Shared.Tests\InvSys.Shared.Tests.xproj", "{529252BE-2602-46F1-A332-69ECABA2EE62}"
EndProject
Project("{8BB2217D-0F2D-49D1-97BC-3654ED321F3B}") = "InvSys.RuleOne.Tests.Unit", "src\Tests\InvSys.RuleOne.Tests.Unit\InvSys.RuleOne.Tests.Unit.xproj", "{7EC515D9-7F52-478F-A338-413055192BB4}"
EndProject
Project("{8BB2217D-0F2D-49D1-97BC-3654ED321F3B}") = "InvSys.Financials.Api.Client", "..\Financials\src\InvSys.Financials.Api.Client\InvSys.Financials.Api.Client.xproj", "{09431217-A2C3-4182-8996-88A06AC024FC}"
EndProject
Project("{2150E333-8FDC-42A3-9474-1A3956D46DE8}") = "Financials", "Financials", "{BC58B80B-F891-4AA3-9E66-759B69E6D583}"
EndProject
Project("{8BB2217D-0F2D-49D1-97BC-3654ED321F3B}") = "InvSys.RuleOne.Api.Client", "src\InvSys.RuleOne.Api.Client\InvSys.RuleOne.Api.Client.xproj", "{F063C6F3-9FB1-447A-9D29-BE7389F23611}"
EndProject
Global
	GlobalSection(SolutionConfigurationPlatforms) = preSolution
		Debug|Any CPU = Debug|Any CPU
		Release|Any CPU = Release|Any CPU
	EndGlobalSection
	GlobalSection(ProjectConfigurationPlatforms) = postSolution
		{DBB24D33-A373-4F65-A2F7-FCC0078BBAEB}.Debug|Any CPU.ActiveCfg = Debug|Any CPU
		{DBB24D33-A373-4F65-A2F7-FCC0078BBAEB}.Debug|Any CPU.Build.0 = Debug|Any CPU
		{DBB24D33-A373-4F65-A2F7-FCC0078BBAEB}.Release|Any CPU.ActiveCfg = Release|Any CPU
		{DBB24D33-A373-4F65-A2F7-FCC0078BBAEB}.Release|Any CPU.Build.0 = Release|Any CPU
		{302C1A44-128F-4019-983B-3FA4CF7E5010}.Debug|Any CPU.ActiveCfg = Debug|Any CPU
		{302C1A44-128F-4019-983B-3FA4CF7E5010}.Debug|Any CPU.Build.0 = Debug|Any CPU
		{302C1A44-128F-4019-983B-3FA4CF7E5010}.Release|Any CPU.ActiveCfg = Release|Any CPU
		{302C1A44-128F-4019-983B-3FA4CF7E5010}.Release|Any CPU.Build.0 = Release|Any CPU
		{421B6C40-8F6A-4ACE-8BA0-44BDC033346D}.Debug|Any CPU.ActiveCfg = Debug|Any CPU
		{421B6C40-8F6A-4ACE-8BA0-44BDC033346D}.Debug|Any CPU.Build.0 = Debug|Any CPU
		{421B6C40-8F6A-4ACE-8BA0-44BDC033346D}.Release|Any CPU.ActiveCfg = Release|Any CPU
		{421B6C40-8F6A-4ACE-8BA0-44BDC033346D}.Release|Any CPU.Build.0 = Release|Any CPU
		{E1D50BC0-AFAB-4645-AD15-7E590E7E3109}.Debug|Any CPU.ActiveCfg = Debug|Any CPU
		{E1D50BC0-AFAB-4645-AD15-7E590E7E3109}.Debug|Any CPU.Build.0 = Debug|Any CPU
		{E1D50BC0-AFAB-4645-AD15-7E590E7E3109}.Release|Any CPU.ActiveCfg = Release|Any CPU
		{E1D50BC0-AFAB-4645-AD15-7E590E7E3109}.Release|Any CPU.Build.0 = Release|Any CPU
		{C5A41CCF-6887-4786-AA86-6D832387349F}.Debug|Any CPU.ActiveCfg = Debug|Any CPU
		{C5A41CCF-6887-4786-AA86-6D832387349F}.Debug|Any CPU.Build.0 = Debug|Any CPU
		{C5A41CCF-6887-4786-AA86-6D832387349F}.Release|Any CPU.ActiveCfg = Release|Any CPU
		{C5A41CCF-6887-4786-AA86-6D832387349F}.Release|Any CPU.Build.0 = Release|Any CPU
		{6164DF67-4B0F-42ED-BCA7-12B407FF954C}.Debug|Any CPU.ActiveCfg = Debug|Any CPU
		{6164DF67-4B0F-42ED-BCA7-12B407FF954C}.Debug|Any CPU.Build.0 = Debug|Any CPU
		{6164DF67-4B0F-42ED-BCA7-12B407FF954C}.Release|Any CPU.ActiveCfg = Release|Any CPU
		{6164DF67-4B0F-42ED-BCA7-12B407FF954C}.Release|Any CPU.Build.0 = Release|Any CPU
		{FCF8DF79-06A3-4989-8843-35B50662865A}.Debug|Any CPU.ActiveCfg = Debug|Any CPU
		{FCF8DF79-06A3-4989-8843-35B50662865A}.Debug|Any CPU.Build.0 = Debug|Any CPU
		{FCF8DF79-06A3-4989-8843-35B50662865A}.Release|Any CPU.ActiveCfg = Release|Any CPU
		{FCF8DF79-06A3-4989-8843-35B50662865A}.Release|Any CPU.Build.0 = Release|Any CPU
		{529252BE-2602-46F1-A332-69ECABA2EE62}.Debug|Any CPU.ActiveCfg = Debug|Any CPU
		{529252BE-2602-46F1-A332-69ECABA2EE62}.Debug|Any CPU.Build.0 = Debug|Any CPU
		{529252BE-2602-46F1-A332-69ECABA2EE62}.Release|Any CPU.ActiveCfg = Release|Any CPU
		{529252BE-2602-46F1-A332-69ECABA2EE62}.Release|Any CPU.Build.0 = Release|Any CPU
		{7EC515D9-7F52-478F-A338-413055192BB4}.Debug|Any CPU.ActiveCfg = Debug|Any CPU
		{7EC515D9-7F52-478F-A338-413055192BB4}.Debug|Any CPU.Build.0 = Debug|Any CPU
		{7EC515D9-7F52-478F-A338-413055192BB4}.Release|Any CPU.ActiveCfg = Release|Any CPU
		{7EC515D9-7F52-478F-A338-413055192BB4}.Release|Any CPU.Build.0 = Release|Any CPU
		{09431217-A2C3-4182-8996-88A06AC024FC}.Debug|Any CPU.ActiveCfg = Debug|Any CPU
		{09431217-A2C3-4182-8996-88A06AC024FC}.Debug|Any CPU.Build.0 = Debug|Any CPU
		{09431217-A2C3-4182-8996-88A06AC024FC}.Release|Any CPU.ActiveCfg = Release|Any CPU
		{09431217-A2C3-4182-8996-88A06AC024FC}.Release|Any CPU.Build.0 = Release|Any CPU
		{F063C6F3-9FB1-447A-9D29-BE7389F23611}.Debug|Any CPU.ActiveCfg = Debug|Any CPU
		{F063C6F3-9FB1-447A-9D29-BE7389F23611}.Debug|Any CPU.Build.0 = Debug|Any CPU
		{F063C6F3-9FB1-447A-9D29-BE7389F23611}.Release|Any CPU.ActiveCfg = Release|Any CPU
		{F063C6F3-9FB1-447A-9D29-BE7389F23611}.Release|Any CPU.Build.0 = Release|Any CPU
	EndGlobalSection
	GlobalSection(SolutionProperties) = preSolution
		HideSolutionNode = FALSE
	EndGlobalSection
	GlobalSection(NestedProjects) = preSolution
		{E1D50BC0-AFAB-4645-AD15-7E590E7E3109} = {25C1511D-FFDA-4B51-8033-47B2DC99FC10}
		{C5A41CCF-6887-4786-AA86-6D832387349F} = {25C1511D-FFDA-4B51-8033-47B2DC99FC10}
		{6164DF67-4B0F-42ED-BCA7-12B407FF954C} = {25C1511D-FFDA-4B51-8033-47B2DC99FC10}
		{FCF8DF79-06A3-4989-8843-35B50662865A} = {B76475E3-2F23-4640-BC64-C5F22D237F25}
		{529252BE-2602-46F1-A332-69ECABA2EE62} = {25C1511D-FFDA-4B51-8033-47B2DC99FC10}
		{7EC515D9-7F52-478F-A338-413055192BB4} = {B76475E3-2F23-4640-BC64-C5F22D237F25}
		{09431217-A2C3-4182-8996-88A06AC024FC} = {BC58B80B-F891-4AA3-9E66-759B69E6D583}
	EndGlobalSection
EndGlobal
